
Microsoft Visual Studio Solution File, Format Version 12.00
# Visual Studio Version 16
VisualStudioVersion = 16.0.30804.86
MinimumVisualStudioVersion = 10.0.40219.1
Project("{FAE04EC0-301F-11D3-BF4B-00C04F79EFBC}") = "DataAccess", "DataAccess\DataAccess.csproj", "{E05D4DAC-FE5B-4156-8C82-7D4744DFA18C}"
EndProject
Project("{FAE04EC0-301F-11D3-BF4B-00C04F79EFBC}") = "Business", "Business\Business.csproj", "{97076142-3858-4823-82CE-5464E8F78739}"
EndProject
Project("{FAE04EC0-301F-11D3-BF4B-00C04F79EFBC}") = "Entities", "Entities\Entities.csproj", "{F435F00C-23A3-40A5-9FFC-CD781299517B}"
EndProject
Project("{FAE04EC0-301F-11D3-BF4B-00C04F79EFBC}") = "ConsoleUI", "ConsoleUI\ConsoleUI.csproj", "{53808D12-4413-4C20-B403-E7914B47C90B}"
EndProject
Global
	GlobalSection(SolutionConfigurationPlatforms) = preSolution
		Debug|Any CPU = Debug|Any CPU
		Release|Any CPU = Release|Any CPU
	EndGlobalSection
	GlobalSection(ProjectConfigurationPlatforms) = postSolution
		{E05D4DAC-FE5B-4156-8C82-7D4744DFA18C}.Debug|Any CPU.ActiveCfg = Debug|Any CPU
		{E05D4DAC-FE5B-4156-8C82-7D4744DFA18C}.Debug|Any CPU.Build.0 = Debug|Any CPU
		{E05D4DAC-FE5B-4156-8C82-7D4744DFA18C}.Release|Any CPU.ActiveCfg = Release|Any CPU
		{E05D4DAC-FE5B-4156-8C82-7D4744DFA18C}.Release|Any CPU.Build.0 = Release|Any CPU
		{97076142-3858-4823-82CE-5464E8F78739}.Debug|Any CPU.ActiveCfg = Debug|Any CPU
		{97076142-3858-4823-82CE-5464E8F78739}.Debug|Any CPU.Build.0 = Debug|Any CPU
		{97076142-3858-4823-82CE-5464E8F78739}.Release|Any CPU.ActiveCfg = Release|Any CPU
		{97076142-3858-4823-82CE-5464E8F78739}.Release|Any CPU.Build.0 = Release|Any CPU
		{F435F00C-23A3-40A5-9FFC-CD781299517B}.Debug|Any CPU.ActiveCfg = Debug|Any CPU
		{F435F00C-23A3-40A5-9FFC-CD781299517B}.Debug|Any CPU.Build.0 = Debug|Any CPU
		{F435F00C-23A3-40A5-9FFC-CD781299517B}.Release|Any CPU.ActiveCfg = Release|Any CPU
		{F435F00C-23A3-40A5-9FFC-CD781299517B}.Release|Any CPU.Build.0 = Release|Any CPU
		{53808D12-4413-4C20-B403-E7914B47C90B}.Debug|Any CPU.ActiveCfg = Debug|Any CPU
		{53808D12-4413-4C20-B403-E7914B47C90B}.Debug|Any CPU.Build.0 = Debug|Any CPU
		{53808D12-4413-4C20-B403-E7914B47C90B}.Release|Any CPU.ActiveCfg = Release|Any CPU
		{53808D12-4413-4C20-B403-E7914B47C90B}.Release|Any CPU.Build.0 = Release|Any CPU
	EndGlobalSection
	GlobalSection(SolutionProperties) = preSolution
		HideSolutionNode = FALSE
	EndGlobalSection
	GlobalSection(ExtensibilityGlobals) = postSolution
		SolutionGuid = {F9FDF957-C14A-443E-86C3-A8E8A797A319}
	EndGlobalSection
EndGlobal
